
Microsoft Visual Studio Solution File, Format Version 12.00
# Visual Studio Version 17
VisualStudioVersion = 17.6.33829.357
MinimumVisualStudioVersion = 10.0.40219.1
Project("{9A19103F-16F7-4668-BE54-9A1E7A4F7556}") = "badmincorazonrosa", "badmincorazonrosa.csproj", "{40D16A7D-32E7-403F-9EC4-B8874891A9CF}"
EndProject
Global
	GlobalSection(SolutionConfigurationPlatforms) = preSolution
		Debug|Any CPU = Debug|Any CPU
		Release|Any CPU = Release|Any CPU
	EndGlobalSection
	GlobalSection(ProjectConfigurationPlatforms) = postSolution
		{40D16A7D-32E7-403F-9EC4-B8874891A9CF}.Debug|Any CPU.ActiveCfg = Debug|Any CPU
		{40D16A7D-32E7-403F-9EC4-B8874891A9CF}.Debug|Any CPU.Build.0 = Debug|Any CPU
		{40D16A7D-32E7-403F-9EC4-B8874891A9CF}.Release|Any CPU.ActiveCfg = Release|Any CPU
		{40D16A7D-32E7-403F-9EC4-B8874891A9CF}.Release|Any CPU.Build.0 = Release|Any CPU
	EndGlobalSection
	GlobalSection(SolutionProperties) = preSolution
		HideSolutionNode = FALSE
	EndGlobalSection
	GlobalSection(ExtensibilityGlobals) = postSolution
		SolutionGuid = {A1B1D100-8AFC-4CE6-A594-11F5EAEA235F}
	EndGlobalSection
EndGlobal
